
Microsoft Visual Studio Solution File, Format Version 12.00
# Visual Studio 15
VisualStudioVersion = 15.0.27703.2035
MinimumVisualStudioVersion = 10.0.40219.1
Project("{F184B08F-C81C-45F6-A57F-5ABD9991F28F}") = "MissionImpossibleHitList", "MissionImpossibleHitList\MissionImpossibleHitList.vbproj", "{F2FE171F-3DEA-4BD4-A971-53775011D4F6}"
EndProject
Global
	GlobalSection(SolutionConfigurationPlatforms) = preSolution
		Debug|Any CPU = Debug|Any CPU
		Debug|x64 = Debug|x64
		Release|Any CPU = Release|Any CPU
		Release|x64 = Release|x64
	EndGlobalSection
	GlobalSection(ProjectConfigurationPlatforms) = postSolution
		{F2FE171F-3DEA-4BD4-A971-53775011D4F6}.Debug|Any CPU.ActiveCfg = Debug|Any CPU
		{F2FE171F-3DEA-4BD4-A971-53775011D4F6}.Debug|Any CPU.Build.0 = Debug|Any CPU
		{F2FE171F-3DEA-4BD4-A971-53775011D4F6}.Debug|x64.ActiveCfg = Debug|x64
		{F2FE171F-3DEA-4BD4-A971-53775011D4F6}.Debug|x64.Build.0 = Debug|x64
		{F2FE171F-3DEA-4BD4-A971-53775011D4F6}.Release|Any CPU.ActiveCfg = Release|Any CPU
		{F2FE171F-3DEA-4BD4-A971-53775011D4F6}.Release|Any CPU.Build.0 = Release|Any CPU
		{F2FE171F-3DEA-4BD4-A971-53775011D4F6}.Release|x64.ActiveCfg = Release|x64
		{F2FE171F-3DEA-4BD4-A971-53775011D4F6}.Release|x64.Build.0 = Release|x64
	EndGlobalSection
	GlobalSection(SolutionProperties) = preSolution
		HideSolutionNode = FALSE
	EndGlobalSection
	GlobalSection(ExtensibilityGlobals) = postSolution
		SolutionGuid = {523E4A96-7BEF-47ED-9A19-848F1E1E1305}
	EndGlobalSection
EndGlobal
